# Digest lock for the derived-inputs GHCR cache (see #42).
#
# One entry per line: `<ref> sha256:<64 hex>`. `dcache_require` (in
# builder/stage-lib/derive-cache.sh) is called by each of the six
# derive-backup.sh scripts right after a `dcache_pull` miss:
#   - ref PRESENT here + miss  -> fatal: the entry we depend on is gone.
#   - ref ABSENT here + miss   -> not fatal: a new image, or a deliberate
#     RECIPE bump, is expected to derive from scratch.
#   - ALLOW_DERIVE_CACHE_MISS=1 downgrades a pinned-miss failure to a
#     warning on stderr (escape hatch for a GHCR outage — see
#     .github/workflows/build.yml's workflow_dispatch input).
#
# WHAT IS AND IS NOT ENFORCED. `dcache_require` matches on the REF; the digest
# column is a provenance record, not a comparison. That is deliberate for this
# wave: every one of these six entries is still the legacy `FROM scratch`
# image, and each will be REPUBLISHED as an oras artifact — with a different
# manifest digest — the first time its image is rebuilt. Enforcing the digest
# today would turn the migration these very digests describe into six red
# builds. Once the fleet has converted, re-resolve them and tighten this to a
# real comparison; `dcache_push` already prints the line to paste in.
#
# Every digest below was resolved against the LIVE registry on 2026-08-08,
# never invented or copied from a log: a bearer token was minted from
# `gh auth token` via https://ghcr.io/token, then each ref's manifest was
# fetched from https://ghcr.io/v2/shkolnik/<package>/manifests/<tag> with
# Accept listing both application/vnd.oci.image.index.v1+json and
# application/vnd.docker.distribution.manifest.v2+json (the wrong Accept
# header silently returns a different manifest, and therefore a different,
# WRONG digest). The Docker-Content-Digest response header was cross-checked
# against sha256 of the raw manifest body for two of the six and matched
# exactly; see the Task 4 report for the full command and every pair.
#
# Wikipedia IS pinned, and its case is the reverse of the other six. Task 3
# left its WRITE path on the legacy format, so its entry is the one that
# will NOT be republished with a new digest by the migration — and it
# guards the most expensive miss in the fleet: a ~24-hour, ~95 GB upstream
# fetch, now that the lab mirror is gone from its manifest. Excluding it
# would leave the costliest re-download as the only unguarded one.

ghcr.io/shkolnik/vwa-classifieds-derived:a2a794da92f6-r1 sha256:b13e9c247c2e911e6280f4b531f54150d7e5a477b672c64af3b56bb72060fc43
ghcr.io/shkolnik/webarena-gitlab-derived:6269a90527a6-r1 sha256:b9cb548076631ed13c4891cd5003f8406309a48a622bd915228e0f25557a2b05
ghcr.io/shkolnik/webarena-reddit-derived:6ff70f73bc80-r2 sha256:4d2840dd215d1ad267810c0ccfaa4522849e112e47f3590565b84b16ac0a18fb
ghcr.io/shkolnik/webarena-shopping-derived:2052430ee930-r2 sha256:6c365e9621848a2d944306640a3c69687e7f6be39969a24ee6ed8ad64b697857
ghcr.io/shkolnik/webarena-shopping-admin-derived:ad607557a79f-r2 sha256:4d271dd0c0368b7b86c894f3c5252043f62b8556231d7325260fd608ec08e1e6
ghcr.io/shkolnik/webshop-server-derived:fbb2df1f2a0e-r1 sha256:7f704ee115a403da9968a27d63a6684b8dc5a70361fc6849d6a5af8e9502ea28
ghcr.io/shkolnik/webarena-wikipedia-derived:f12163513307-r1 sha256:1de4846366e0ac1940e486e5f48463ae27cbe7f9937fac1db42ec8915fe1d2c6
